PODS:
  - Alamofire (4.8.1)
  - AlamofireImage (3.5.2):
    - Alamofire (~> 4.8)
  - CocoaLumberjack (3.5.3):
    - CocoaLumberjack/Core (= 3.5.3)
  - CocoaLumberjack/Core (3.5.3)
  - FDFullscreenPopGesture (1.1)
  - FLEX (2.4.0)
  - HandyJSON (5.0.0)
  - ObjectMapper (3.4.2)
  - PromiseKit (6.8.4):
    - PromiseKit/CorePromise (= 6.8.4)
    - PromiseKit/Foundation (= 6.8.4)
    - PromiseKit/UIKit (= 6.8.4)
  - PromiseKit/CorePromise (6.8.4)
  - PromiseKit/Foundation (6.8.4):
    - PromiseKit/CorePromise
  - PromiseKit/UIKit (6.8.4):
    - PromiseKit/CorePromise
  - RTRootNavigationController (0.7.1):
    - RTRootNavigationController/Core (= 0.7.1)
  - RTRootNavigationController/Core (0.7.1)
  - RxCocoa (4.5.0):
    - RxSwift (>= 4.4.2, ~> 4.4)
  - RxSwift (4.5.0)
  - SDWebImage (4.4.6):
    - SDWebImage/Core (= 4.4.6)
  - SDWebImage/Core (4.4.6)
  - SnapKit (4.2.0)
  - SVGKit (2.1.1):
    - CocoaLumberjack (~> 3.0)
  - SwifterSwift/Dispatch (5.1.0)
  - SwifterSwift/Foundation (5.1.0)
  - SwifterSwift/SwiftStdlib (5.1.0)
  - SwifterSwift/UIKit (5.1.0)
  - SwiftLint (0.32.0)
  - SwiftTheme (0.4.4)
  - SwiftWalle (0.1.0):
    - SwifterSwift/Dispatch
    - SwifterSwift/Foundation
    - SwifterSwift/SwiftStdlib
    - SwifterSwift/UIKit
  - SwiftyJSON (4.2.0)
  - Toaster (2.2.0)

DEPENDENCIES:
  - Alamofire
  - AlamofireImage
  - FDFullscreenPopGesture
  - FLEX (~> 2.0)
  - HandyJSON
  - ObjectMapper (~> 3.4)
  - PromiseKit
  - RTRootNavigationController
  - RxCocoa (~> 4.5.0)
  - RxSwift (~> 4.5.0)
  - SDWebImage
  - SnapKit (~> 4.2.0)
  - SVGKit
  - SwiftLint
  - SwiftTheme
  - SwiftWalle (from `https://github.com/mistdon/SwiftWalle.git`)
  - SwiftyJSON
  - Toaster

SPEC REPOS:
  https://github.com/CocoaPods/Specs.git:
    - Alamofire
    - AlamofireImage
    - CocoaLumberjack
    - FDFullscreenPopGesture
    - FLEX
    - HandyJSON
    - ObjectMapper
    - PromiseKit
    - RTRootNavigationController
    - RxCocoa
    - RxSwift
    - SDWebImage
    - SnapKit
    - SVGKit
    - SwiftLint
    - SwiftTheme
    - SwiftyJSON
  trunk:
    - SwifterSwift
    - Toaster

EXTERNAL SOURCES:
  SwiftWalle:
    :git: https://github.com/mistdon/SwiftWalle.git

CHECKOUT OPTIONS:
  SwiftWalle:
    :commit: d1a9ce502196e7b10c3fb10efe9e5705ccf40c98
    :git: https://github.com/mistdon/SwiftWalle.git

SPEC CHECKSUMS:
  Alamofire: 16ce2c353fb72865124ddae8a57c5942388f4f11
  AlamofireImage: 63cfe3baf1370be6c498149687cf6db3e3b00999
  CocoaLumberjack: 2f44e60eb91c176d471fdba43b9e3eae6a721947
  FDFullscreenPopGesture: a8a620179e3d9c40e8e00256dcee1c1a27c6d0f0
  FLEX: bd1a39e55b56bb413b6f1b34b3c10a0dc44ef079
  HandyJSON: 992f2d661716d6a91de82d0056927bc7813b5770
  ObjectMapper: 0d4402610f4e468903ae64629eec4784531e5c51
  PromiseKit: 51794a832647e7b819336dc2279039ce9f1cc49b
  RTRootNavigationController: afa6913402be26f8326f7f37fc1550aa67baddcc
  RxCocoa: cbf70265dc65a981d4ac982e513c10cf23df24a0
  RxSwift: f172070dfd1a93d70a9ab97a5a01166206e1c575
  SDWebImage: 3f3f0c02f09798048c47a5ed0a13f17b063572d8
  SnapKit: fe8a619752f3f27075cc9a90244d75c6c3f27e2a
  SVGKit: 652cdf7bef8bec8564d04a8511d3ab50c7595fac
  SwifterSwift: a9e8e144832638c2850b43da5feaf9598c6ad65b
  SwiftLint: 009a898ef2a1c851f45e1b59349bf6ff2ddc990d
  SwiftTheme: a381f983da92153908b7a9eeb961b18b6d94d614
  SwiftWalle: 603a8215f38db229704ecc8290ab8911d05c63a7
  SwiftyJSON: c4bcba26dd9ec7a027fc8eade48e2c911f229e96
  Toaster: c1a81b376edcc2470157b4d1ee1e9341d3b96455

PODFILE CHECKSUM: e47aab2c75572583a35840ee1ceeb74d06160998

COCOAPODS: 1.9.1
