// !$*UTF8*$!
{
	archiveVersion = 1;
	classes = {
	};
	objectVersion = 50;
	objects = {

/* Begin PBXBuildFile section */
		3B00B6A3229D1848003AA07A /* RxREADME.md in Resources */ = {isa = PBXBuildFile; fileRef = 3B00B6A2229D1848003AA07A /* RxREADME.md */; };
		3B00B6A5229D2428003AA07A /* SwiftTips.md in Resources */ = {isa = PBXBuildFile; fileRef = 3B00B6A4229D2428003AA07A /* SwiftTips.md */; };
		3B00B6B0229E7079003AA07A /* AppConstant.swift in Sources */ = {isa = PBXBuildFile; fileRef = 3B00B6AF229E7078003AA07A /* AppConstant.swift */; };
		3B00B6B3229E7103003AA07A /* SSRRouterViewController.swift in Sources */ = {isa = PBXBuildFile; fileRef = 3B00B6B2229E7103003AA07A /* SSRRouterViewController.swift */; };
		3B00B6B5229E710D003AA07A /* SSRRouter.swift in Sources */ = {isa = PBXBuildFile; fileRef = 3B00B6B4229E710D003AA07A /* SSRRouter.swift */; };
		3B00B6B7229E715F003AA07A /* RouterREADME.md in Resources */ = {isa = PBXBuildFile; fileRef = 3B00B6B6229E715F003AA07A /* RouterREADME.md */; };
		3B2C8B5B22B12A2C000474B5 /* UserDefaults.swift in Sources */ = {isa = PBXBuildFile; fileRef = 3B2C8B5A22B12A2C000474B5 /* UserDefaults.swift */; };
		3B32FA0B22A54AD000FCAE61 /* Singleton.swift in Sources */ = {isa = PBXBuildFile; fileRef = 3B32FA0A22A54AD000FCAE61 /* Singleton.swift */; };
		3B59EB80228928E900D93243 /* SSRNetwork.swift in Sources */ = {isa = PBXBuildFile; fileRef = 3B59EB7F228928E900D93243 /* SSRNetwork.swift */; };
		3B59EB8222892C5800D93243 /* Memo.md in Sources */ = {isa = PBXBuildFile; fileRef = 3B59EB8122892C5800D93243 /* Memo.md */; };
		3B59EB8522894F0E00D93243 /* SwiftKeyword.md in Resources */ = {isa = PBXBuildFile; fileRef = 3B59EB8422894F0E00D93243 /* SwiftKeyword.md */; };
		3B5AD2EE227EE1DB00F04BFB /* SSRHTTPViewController.swift in Sources */ = {isa = PBXBuildFile; fileRef = 3B5AD2ED227EE1DB00F04BFB /* SSRHTTPViewController.swift */; };
		3B5AD2F0227EE26000F04BFB /* SSRRootTableViewController.swift in Sources */ = {isa = PBXBuildFile; fileRef = 3B5AD2EF227EE26000F04BFB /* SSRRootTableViewController.swift */; };
		3B6E7B4522A9119C001A311E /* AppAbout.swift in Sources */ = {isa = PBXBuildFile; fileRef = 3B6E7B4422A9119C001A311E /* AppAbout.swift */; };
		3B6E7B4722A91357001A311E /* UIView+Extension.swift in Sources */ = {isa = PBXBuildFile; fileRef = 3B6E7B4622A91357001A311E /* UIView+Extension.swift */; };
		3B6E7B4922A9137C001A311E /* UIColor+Extension.swift in Sources */ = {isa = PBXBuildFile; fileRef = 3B6E7B4822A9137C001A311E /* UIColor+Extension.swift */; };
		3B6E7B4B22A9139A001A311E /* String+Extension.swift in Sources */ = {isa = PBXBuildFile; fileRef = 3B6E7B4A22A9139A001A311E /* String+Extension.swift */; };
		3B7CCBCA2281820E007FEE9C /* SSRGithubFollowerCell.swift in Sources */ = {isa = PBXBuildFile; fileRef = 3B7CCBC82281820E007FEE9C /* SSRGithubFollowerCell.swift */; };
		3B7CCBCB2281820E007FEE9C /* SSRGithubFollowerCell.xib in Resources */ = {isa = PBXBuildFile; fileRef = 3B7CCBC92281820E007FEE9C /* SSRGithubFollowerCell.xib */; };
		3B7CCBE62283D872007FEE9C /* SSRWebViewController.swift in Sources */ = {isa = PBXBuildFile; fileRef = 3B7CCBE52283D872007FEE9C /* SSRWebViewController.swift */; };
		3B7CCBE82284076E007FEE9C /* index.html in Resources */ = {isa = PBXBuildFile; fileRef = 3B7CCBE72284076D007FEE9C /* index.html */; };
		3B7E2DA322781EA2006AAE68 /* AppDelegate.swift in Sources */ = {isa = PBXBuildFile; fileRef = 3B7E2DA222781EA2006AAE68 /* AppDelegate.swift */; };
		3B7E2DA522781EA2006AAE68 /* ViewController.swift in Sources */ = {isa = PBXBuildFile; fileRef = 3B7E2DA422781EA2006AAE68 /* ViewController.swift */; };
		3B7E2DAA22781EA4006AAE68 /* Assets.xcassets in Resources */ = {isa = PBXBuildFile; fileRef = 3B7E2DA922781EA4006AAE68 /* Assets.xcassets */; };
		3B7E2DAD22781EA4006AAE68 /* LaunchScreen.storyboard in Resources */ = {isa = PBXBuildFile; fileRef = 3B7E2DAB22781EA4006AAE68 /* LaunchScreen.storyboard */; };
		3B7E2DB822781EA5006AAE68 /* SSRSwiftTests.swift in Sources */ = {isa = PBXBuildFile; fileRef = 3B7E2DB722781EA5006AAE68 /* SSRSwiftTests.swift */; };
		3B7E2DC322781EA5006AAE68 /* SSRSwiftUITests.swift in Sources */ = {isa = PBXBuildFile; fileRef = 3B7E2DC222781EA5006AAE68 /* SSRSwiftUITests.swift */; };
		3B827A8F227F065100CADC52 /* SSRGithubFollower.swift in Sources */ = {isa = PBXBuildFile; fileRef = 3B827A8E227F065100CADC52 /* SSRGithubFollower.swift */; };
		3B88920222A7EFB500592EBF /* SSRRequest.swift in Sources */ = {isa = PBXBuildFile; fileRef = 3B88920122A7EFB500592EBF /* SSRRequest.swift */; };
		3BCF3943229E742E0073D61C /* urlSchemes.png in Resources */ = {isa = PBXBuildFile; fileRef = 3BCF3942229E742E0073D61C /* urlSchemes.png */; };
		3BE9C91922AF9D3100FC4F68 /* MineViewController.swift in Sources */ = {isa = PBXBuildFile; fileRef = 3BE9C91822AF9D3100FC4F68 /* MineViewController.swift */; };
		3BE9C91B22AF9E0900FC4F68 /* TabBarController.swift in Sources */ = {isa = PBXBuildFile; fileRef = 3BE9C91A22AF9E0900FC4F68 /* TabBarController.swift */; };
		3BEA7395228C0B7A00470FAD /* Structs和Classes的选择.md in Resources */ = {isa = PBXBuildFile; fileRef = 3BEA7394228C0B7A00470FAD /* Structs和Classes的选择.md */; };
		3BF3E27E229CDB1400BDE5C9 /* WebREADME.md in Resources */ = {isa = PBXBuildFile; fileRef = 3BF3E27D229CDB1400BDE5C9 /* WebREADME.md */; };
		3BF81C3822854535000B40EE /* SSRRxSwiftViewController.swift in Sources */ = {isa = PBXBuildFile; fileRef = 3BF81C3722854535000B40EE /* SSRRxSwiftViewController.swift */; };
		3BF81C3D22854ED5000B40EE /* SSRViewControllerProtocol.swift in Sources */ = {isa = PBXBuildFile; fileRef = 3BF81C3C22854ED5000B40EE /* SSRViewControllerProtocol.swift */; };
		A1F4B6CA983ED97879FF10AF /* Pods_SSRSwiftUITests.framework in Frameworks */ = {isa = PBXBuildFile; fileRef = FAFECEEF199E184447689383 /* Pods_SSRSwiftUITests.framework */; };
		A23E9F13228AE3C300A8AB8C /* GithubRepositoryResponse.swift in Sources */ = {isa = PBXBuildFile; fileRef = A23E9F12228AE3C300A8AB8C /* GithubRepositoryResponse.swift */; };
		A2BE21F922ABB6620096217F /* SSRDataword.swift in Sources */ = {isa = PBXBuildFile; fileRef = A2BE21F822ABB6620096217F /* SSRDataword.swift */; };
		A2BE21FB22ABBAE40096217F /* SSRUserDefaults.swift in Sources */ = {isa = PBXBuildFile; fileRef = A2BE21FA22ABBAE40096217F /* SSRUserDefaults.swift */; };
		A2BE221422ACAC490096217F /* SSRResponse.swift in Sources */ = {isa = PBXBuildFile; fileRef = A2BE221322ACAC490096217F /* SSRResponse.swift */; };
		A2BE221722ACAE9C0096217F /* SSRAPI.swift in Sources */ = {isa = PBXBuildFile; fileRef = A2BE221622ACAE9C0096217F /* SSRAPI.swift */; };
		A2BE221B22ACEE210096217F /* GithubRepository.swift in Sources */ = {isa = PBXBuildFile; fileRef = A2BE221A22ACEE210096217F /* GithubRepository.swift */; };
		A2BE223222AFCCEE0096217F /* BaseViewController.swift in Sources */ = {isa = PBXBuildFile; fileRef = A2BE223122AFCCEE0096217F /* BaseViewController.swift */; };
		B3DDF81651451705350A5812 /* Pods_SSRSwift.framework in Frameworks */ = {isa = PBXBuildFile; fileRef = 1756092EFC720042CED29EC8 /* Pods_SSRSwift.framework */; };
		F6918D685DA9CB0C4AD14FD5 /* Pods_SSRSwiftTests.framework in Frameworks */ = {isa = PBXBuildFile; fileRef = E86A9AE7FE65A5CF6B5562EB /* Pods_SSRSwiftTests.framework */; };
/* End PBXBuildFile section */

/* Begin PBXContainerItemProxy section */
		3B7E2DB422781EA5006AAE68 /* PBXContainerItemProxy */ = {
			isa = PBXContainerItemProxy;
			containerPortal = 3B7E2D9722781EA2006AAE68 /* Project object */;
			proxyType = 1;
			remoteGlobalIDString = 3B7E2D9E22781EA2006AAE68;
			remoteInfo = SSRSwift;
		};
		3B7E2DBF22781EA5006AAE68 /* PBXContainerItemProxy */ = {
			isa = PBXContainerItemProxy;
			containerPortal = 3B7E2D9722781EA2006AAE68 /* Project object */;
			proxyType = 1;
			remoteGlobalIDString = 3B7E2D9E22781EA2006AAE68;
			remoteInfo = SSRSwift;
		};
/* End PBXContainerItemProxy section */

/* Begin PBXFileReference section */
		1756092EFC720042CED29EC8 /* Pods_SSRSwift.framework */ = {isa = PBXFileReference; explicitFileType = wrapper.framework; includeInIndex = 0; path = Pods_SSRSwift.framework; sourceTree = BUILT_PRODUCTS_DIR; };
		1C88DA76559005D587812E65 /* Pods-SSRSwift.release.xcconfig */ = {isa = PBXFileReference; includeInIndex = 1; lastKnownFileType = text.xcconfig; name = "Pods-SSRSwift.release.xcconfig"; path = "Pods/Target Support Files/Pods-SSRSwift/Pods-SSRSwift.release.xcconfig"; sourceTree = "<group>"; };
		2CCEFE443BC8A18EE382F9E6 /* Pods-SSRSwiftUITests.release.xcconfig */ = {isa = PBXFileReference; includeInIndex = 1; lastKnownFileType = text.xcconfig; name = "Pods-SSRSwiftUITests.release.xcconfig"; path = "Pods/Target Support Files/Pods-SSRSwiftUITests/Pods-SSRSwiftUITests.release.xcconfig"; sourceTree = "<group>"; };
		3B00B6A2229D1848003AA07A /* RxREADME.md */ = {isa = PBXFileReference; fileEncoding = 4; lastKnownFileType = net.daringfireball.markdown; path = RxREADME.md; sourceTree = "<group>"; };
		3B00B6A4229D2428003AA07A /* SwiftTips.md */ = {isa = PBXFileReference; fileEncoding = 4; lastKnownFileType = net.daringfireball.markdown; path = SwiftTips.md; sourceTree = "<group>"; };
		3B00B6AF229E7078003AA07A /* AppConstant.swift */ = {isa = PBXFileReference; lastKnownFileType = sourcecode.swift; path = AppConstant.swift; sourceTree = "<group>"; };
		3B00B6B2229E7103003AA07A /* SSRRouterViewController.swift */ = {isa = PBXFileReference; lastKnownFileType = sourcecode.swift; path = SSRRouterViewController.swift; sourceTree = "<group>"; };
		3B00B6B4229E710D003AA07A /* SSRRouter.swift */ = {isa = PBXFileReference; lastKnownFileType = sourcecode.swift; path = SSRRouter.swift; sourceTree = "<group>"; };
		3B00B6B6229E715F003AA07A /* RouterREADME.md */ = {isa = PBXFileReference; fileEncoding = 4; lastKnownFileType = net.daringfireball.markdown; path = RouterREADME.md; sourceTree = "<group>"; };
		3B2C8B5A22B12A2C000474B5 /* UserDefaults.swift */ = {isa = PBXFileReference; lastKnownFileType = sourcecode.swift; path = UserDefaults.swift; sourceTree = "<group>"; };
		3B32FA0A22A54AD000FCAE61 /* Singleton.swift */ = {isa = PBXFileReference; lastKnownFileType = sourcecode.swift; path = Singleton.swift; sourceTree = "<group>"; };
		3B59EB7C228913E500D93243 /* iOS代码规范.md */ = {isa = PBXFileReference; lastKnownFileType = net.daringfireball.markdown; path = "iOS代码规范.md"; sourceTree = "<group>"; };
		3B59EB7F228928E900D93243 /* SSRNetwork.swift */ = {isa = PBXFileReference; lastKnownFileType = sourcecode.swift; path = SSRNetwork.swift; sourceTree = "<group>"; };
		3B59EB8122892C5800D93243 /* Memo.md */ = {isa = PBXFileReference; lastKnownFileType = net.daringfireball.markdown; path = Memo.md; sourceTree = "<group>"; };
		3B59EB8422894F0E00D93243 /* SwiftKeyword.md */ = {isa = PBXFileReference; lastKnownFileType = net.daringfireball.markdown; path = SwiftKeyword.md; sourceTree = "<group>"; };
		3B5AD2ED227EE1DB00F04BFB /* SSRHTTPViewController.swift */ = {isa = PBXFileReference; lastKnownFileType = sourcecode.swift; path = SSRHTTPViewController.swift; sourceTree = "<group>"; };
		3B5AD2EF227EE26000F04BFB /* SSRRootTableViewController.swift */ = {isa = PBXFileReference; lastKnownFileType = sourcecode.swift; path = SSRRootTableViewController.swift; sourceTree = "<group>"; };
		3B6E7B4422A9119C001A311E /* AppAbout.swift */ = {isa = PBXFileReference; lastKnownFileType = sourcecode.swift; path = AppAbout.swift; sourceTree = "<group>"; };
		3B6E7B4622A91357001A311E /* UIView+Extension.swift */ = {isa = PBXFileReference; lastKnownFileType = sourcecode.swift; path = "UIView+Extension.swift"; sourceTree = "<group>"; };
		3B6E7B4822A9137C001A311E /* UIColor+Extension.swift */ = {isa = PBXFileReference; lastKnownFileType = sourcecode.swift; path = "UIColor+Extension.swift"; sourceTree = "<group>"; };
		3B6E7B4A22A9139A001A311E /* String+Extension.swift */ = {isa = PBXFileReference; lastKnownFileType = sourcecode.swift; path = "String+Extension.swift"; sourceTree = "<group>"; };
		3B7CCBC82281820E007FEE9C /* SSRGithubFollowerCell.swift */ = {isa = PBXFileReference; lastKnownFileType = sourcecode.swift; path = SSRGithubFollowerCell.swift; sourceTree = "<group>"; };
		3B7CCBC92281820E007FEE9C /* SSRGithubFollowerCell.xib */ = {isa = PBXFileReference; lastKnownFileType = file.xib; path = SSRGithubFollowerCell.xib; sourceTree = "<group>"; };
		3B7CCBE52283D872007FEE9C /* SSRWebViewController.swift */ = {isa = PBXFileReference; lastKnownFileType = sourcecode.swift; path = SSRWebViewController.swift; sourceTree = "<group>"; };
		3B7CCBE72284076D007FEE9C /* index.html */ = {isa = PBXFileReference; lastKnownFileType = text.html; path = index.html; sourceTree = "<group>"; };
		3B7E2D9F22781EA2006AAE68 /* SSRSwift.app */ = {isa = PBXFileReference; explicitFileType = wrapper.application; includeInIndex = 0; path = SSRSwift.app; sourceTree = BUILT_PRODUCTS_DIR; };
		3B7E2DA222781EA2006AAE68 /* AppDelegate.swift */ = {isa = PBXFileReference; lastKnownFileType = sourcecode.swift; path = AppDelegate.swift; sourceTree = "<group>"; };
		3B7E2DA422781EA2006AAE68 /* ViewController.swift */ = {isa = PBXFileReference; lastKnownFileType = sourcecode.swift; path = ViewController.swift; sourceTree = "<group>"; };
		3B7E2DA922781EA4006AAE68 /* Assets.xcassets */ = {isa = PBXFileReference; lastKnownFileType = folder.assetcatalog; path = Assets.xcassets; sourceTree = "<group>"; };
		3B7E2DAC22781EA4006AAE68 /* Base */ = {isa = PBXFileReference; lastKnownFileType = file.storyboard; name = Base; path = Base.lproj/LaunchScreen.storyboard; sourceTree = "<group>"; };
		3B7E2DAE22781EA4006AAE68 /* Info.plist */ = {isa = PBXFileReference; lastKnownFileType = text.plist.xml; path = Info.plist; sourceTree = "<group>"; };
		3B7E2DB322781EA5006AAE68 /* SSRSwiftTests.xctest */ = {isa = PBXFileReference; explicitFileType = wrapper.cfbundle; includeInIndex = 0; path = SSRSwiftTests.xctest; sourceTree = BUILT_PRODUCTS_DIR; };
		3B7E2DB722781EA5006AAE68 /* SSRSwiftTests.swift */ = {isa = PBXFileReference; lastKnownFileType = sourcecode.swift; path = SSRSwiftTests.swift; sourceTree = "<group>"; };
		3B7E2DB922781EA5006AAE68 /* Info.plist */ = {isa = PBXFileReference; lastKnownFileType = text.plist.xml; path = Info.plist; sourceTree = "<group>"; };
		3B7E2DBE22781EA5006AAE68 /* SSRSwiftUITests.xctest */ = {isa = PBXFileReference; explicitFileType = wrapper.cfbundle; includeInIndex = 0; path = SSRSwiftUITests.xctest; sourceTree = BUILT_PRODUCTS_DIR; };
		3B7E2DC222781EA5006AAE68 /* SSRSwiftUITests.swift */ = {isa = PBXFileReference; lastKnownFileType = sourcecode.swift; path = SSRSwiftUITests.swift; sourceTree = "<group>"; };
		3B7E2DC422781EA5006AAE68 /* Info.plist */ = {isa = PBXFileReference; lastKnownFileType = text.plist.xml; path = Info.plist; sourceTree = "<group>"; };
		3B827A8E227F065100CADC52 /* SSRGithubFollower.swift */ = {isa = PBXFileReference; lastKnownFileType = sourcecode.swift; path = SSRGithubFollower.swift; sourceTree = "<group>"; };
		3B88920122A7EFB500592EBF /* SSRRequest.swift */ = {isa = PBXFileReference; lastKnownFileType = sourcecode.swift; path = SSRRequest.swift; sourceTree = "<group>"; };
		3BCF3942229E742E0073D61C /* urlSchemes.png */ = {isa = PBXFileReference; lastKnownFileType = image.png; path = urlSchemes.png; sourceTree = "<group>"; };
		3BE9C91822AF9D3100FC4F68 /* MineViewController.swift */ = {isa = PBXFileReference; lastKnownFileType = sourcecode.swift; path = MineViewController.swift; sourceTree = "<group>"; };
		3BE9C91A22AF9E0900FC4F68 /* TabBarController.swift */ = {isa = PBXFileReference; lastKnownFileType = sourcecode.swift; path = TabBarController.swift; sourceTree = "<group>"; };
		3BEA7394228C0B7A00470FAD /* Structs和Classes的选择.md */ = {isa = PBXFileReference; lastKnownFileType = net.daringfireball.markdown; path = "Structs和Classes的选择.md"; sourceTree = "<group>"; };
		3BF3E27D229CDB1400BDE5C9 /* WebREADME.md */ = {isa = PBXFileReference; fileEncoding = 4; lastKnownFileType = net.daringfireball.markdown; path = WebREADME.md; sourceTree = "<group>"; };
		3BF81C3722854535000B40EE /* SSRRxSwiftViewController.swift */ = {isa = PBXFileReference; lastKnownFileType = sourcecode.swift; path = SSRRxSwiftViewController.swift; sourceTree = "<group>"; };
		3BF81C3C22854ED5000B40EE /* SSRViewControllerProtocol.swift */ = {isa = PBXFileReference; lastKnownFileType = sourcecode.swift; path = SSRViewControllerProtocol.swift; sourceTree = "<group>"; };
		5DE7D3678DCB18D268C67FAA /* Pods-SSRSwiftTests.debug.xcconfig */ = {isa = PBXFileReference; includeInIndex = 1; lastKnownFileType = text.xcconfig; name = "Pods-SSRSwiftTests.debug.xcconfig"; path = "Pods/Target Support Files/Pods-SSRSwiftTests/Pods-SSRSwiftTests.debug.xcconfig"; sourceTree = "<group>"; };
		6E7ABA1D7AD1D6DF3FA2EAC9 /* Pods-SSRSwiftUITests.debug.xcconfig */ = {isa = PBXFileReference; includeInIndex = 1; lastKnownFileType = text.xcconfig; name = "Pods-SSRSwiftUITests.debug.xcconfig"; path = "Pods/Target Support Files/Pods-SSRSwiftUITests/Pods-SSRSwiftUITests.debug.xcconfig"; sourceTree = "<group>"; };
		A23E9F12228AE3C300A8AB8C /* GithubRepositoryResponse.swift */ = {isa = PBXFileReference; lastKnownFileType = sourcecode.swift; path = GithubRepositoryResponse.swift; sourceTree = "<group>"; };
		A2BE21F822ABB6620096217F /* SSRDataword.swift */ = {isa = PBXFileReference; lastKnownFileType = sourcecode.swift; path = SSRDataword.swift; sourceTree = "<group>"; };
		A2BE21FA22ABBAE40096217F /* SSRUserDefaults.swift */ = {isa = PBXFileReference; lastKnownFileType = sourcecode.swift; path = SSRUserDefaults.swift; sourceTree = "<group>"; };
		A2BE221322ACAC490096217F /* SSRResponse.swift */ = {isa = PBXFileReference; lastKnownFileType = sourcecode.swift; path = SSRResponse.swift; sourceTree = "<group>"; };
		A2BE221622ACAE9C0096217F /* SSRAPI.swift */ = {isa = PBXFileReference; lastKnownFileType = sourcecode.swift; path = SSRAPI.swift; sourceTree = "<group>"; };
		A2BE221A22ACEE210096217F /* GithubRepository.swift */ = {isa = PBXFileReference; lastKnownFileType = sourcecode.swift; path = GithubRepository.swift; sourceTree = "<group>"; };
		A2BE223122AFCCEE0096217F /* BaseViewController.swift */ = {isa = PBXFileReference; lastKnownFileType = sourcecode.swift; path = BaseViewController.swift; sourceTree = "<group>"; };
		B47E46477C22C3D59F6310E2 /* Pods-SSRSwiftTests.release.xcconfig */ = {isa = PBXFileReference; includeInIndex = 1; lastKnownFileType = text.xcconfig; name = "Pods-SSRSwiftTests.release.xcconfig"; path = "Pods/Target Support Files/Pods-SSRSwiftTests/Pods-SSRSwiftTests.release.xcconfig"; sourceTree = "<group>"; };
		BF0509B5C1DB1B679BB6FA34 /* Pods-SSRSwift.debug.xcconfig */ = {isa = PBXFileReference; includeInIndex = 1; lastKnownFileType = text.xcconfig; name = "Pods-SSRSwift.debug.xcconfig"; path = "Pods/Target Support Files/Pods-SSRSwift/Pods-SSRSwift.debug.xcconfig"; sourceTree = "<group>"; };
		E86A9AE7FE65A5CF6B5562EB /* Pods_SSRSwiftTests.framework */ = {isa = PBXFileReference; explicitFileType = wrapper.framework; includeInIndex = 0; path = Pods_SSRSwiftTests.framework; sourceTree = BUILT_PRODUCTS_DIR; };
		FAFECEEF199E184447689383 /* Pods_SSRSwiftUITests.framework */ = {isa = PBXFileReference; explicitFileType = wrapper.framework; includeInIndex = 0; path = Pods_SSRSwiftUITests.framework; sourceTree = BUILT_PRODUCTS_DIR; };
/* End PBXFileReference section */

/* Begin PBXFrameworksBuildPhase section */
		3B7E2D9C22781EA2006AAE68 /* Frameworks */ = {
			isa = PBXFrameworksBuildPhase;
			buildActionMask = 2147483647;
			files = (
				B3DDF81651451705350A5812 /* Pods_SSRSwift.framework in Frameworks */,
			);
			runOnlyForDeploymentPostprocessing = 0;
		};
		3B7E2DB022781EA5006AAE68 /* Frameworks */ = {
			isa = PBXFrameworksBuildPhase;
			buildActionMask = 2147483647;
			files = (
				F6918D685DA9CB0C4AD14FD5 /* Pods_SSRSwiftTests.framework in Frameworks */,
			);
			runOnlyForDeploymentPostprocessing = 0;
		};
		3B7E2DBB22781EA5006AAE68 /* Frameworks */ = {
			isa = PBXFrameworksBuildPhase;
			buildActionMask = 2147483647;
			files = (
				A1F4B6CA983ED97879FF10AF /* Pods_SSRSwiftUITests.framework in Frameworks */,
			);
			runOnlyForDeploymentPostprocessing = 0;
		};
/* End PBXFrameworksBuildPhase section */

/* Begin PBXGroup section */
		3B00B6B1229E70EF003AA07A /* Router */ = {
			isa = PBXGroup;
			children = (
				3BCF3941229E742E0073D61C /* sources */,
				3B00B6B6229E715F003AA07A /* RouterREADME.md */,
				3B00B6B2229E7103003AA07A /* SSRRouterViewController.swift */,
				3B00B6B4229E710D003AA07A /* SSRRouter.swift */,
			);
			path = Router;
			sourceTree = "<group>";
		};
		3B32FA0922A54A9700FCAE61 /* DesignPattern */ = {
			isa = PBXGroup;
			children = (
				3B32FA0A22A54AD000FCAE61 /* Singleton.swift */,
			);
			path = DesignPattern;
			sourceTree = "<group>";
		};
		3B59EB7B228913BC00D93243 /* Docs */ = {
			isa = PBXGroup;
			children = (
				3B00B6A4229D2428003AA07A /* SwiftTips.md */,
				3B59EB7C228913E500D93243 /* iOS代码规范.md */,
				3BEA7394228C0B7A00470FAD /* Structs和Classes的选择.md */,
				3B59EB8122892C5800D93243 /* Memo.md */,
				3B59EB8422894F0E00D93243 /* SwiftKeyword.md */,
			);
			path = Docs;
			sourceTree = "<group>";
		};
		3B59EB8322892E4E00D93243 /* SSRNetwork */ = {
			isa = PBXGroup;
			children = (
				3B59EB7F228928E900D93243 /* SSRNetwork.swift */,
				3B88920122A7EFB500592EBF /* SSRRequest.swift */,
				A2BE221322ACAC490096217F /* SSRResponse.swift */,
			);
			path = SSRNetwork;
			sourceTree = "<group>";
		};
		3B5AD2EC227EE1BD00F04BFB /* HTTP */ = {
			isa = PBXGroup;
			children = (
				A2BE221522ACADAF0096217F /* Github */,
				3B59EB8322892E4E00D93243 /* SSRNetwork */,
				3B5AD2ED227EE1DB00F04BFB /* SSRHTTPViewController.swift */,
				A23E9F12228AE3C300A8AB8C /* GithubRepositoryResponse.swift */,
				3B7CCBC82281820E007FEE9C /* SSRGithubFollowerCell.swift */,
				3B7CCBC92281820E007FEE9C /* SSRGithubFollowerCell.xib */,
			);
			path = HTTP;
			sourceTree = "<group>";
		};
		3B7CCBE42283D852007FEE9C /* WebView */ = {
			isa = PBXGroup;
			children = (
				3B7CCBE52283D872007FEE9C /* SSRWebViewController.swift */,
				3BF3E27D229CDB1400BDE5C9 /* WebREADME.md */,
				3B7CCBE72284076D007FEE9C /* index.html */,
			);
			path = WebView;
			sourceTree = "<group>";
		};
		3B7E2D9622781EA2006AAE68 = {
			isa = PBXGroup;
			children = (
				3B59EB7B228913BC00D93243 /* Docs */,
				3B7E2DA122781EA2006AAE68 /* SSRSwift */,
				3B7E2DB622781EA5006AAE68 /* SSRSwiftTests */,
				3B7E2DC122781EA5006AAE68 /* SSRSwiftUITests */,
				3B7E2DA022781EA2006AAE68 /* Products */,
				71497C63E4C704C5144C88DF /* Pods */,
				C876D9880317E72C8EEF4711 /* Frameworks */,
			);
			sourceTree = "<group>";
		};
		3B7E2DA022781EA2006AAE68 /* Products */ = {
			isa = PBXGroup;
			children = (
				3B7E2D9F22781EA2006AAE68 /* SSRSwift.app */,
				3B7E2DB322781EA5006AAE68 /* SSRSwiftTests.xctest */,
				3B7E2DBE22781EA5006AAE68 /* SSRSwiftUITests.xctest */,
			);
			name = Products;
			sourceTree = "<group>";
		};
		3B7E2DA122781EA2006AAE68 /* SSRSwift */ = {
			isa = PBXGroup;
			children = (
				3B32FA0922A54A9700FCAE61 /* DesignPattern */,
				3B00B6B1229E70EF003AA07A /* Router */,
				3BC983952294F48800387BB9 /* Extension */,
				3BF81C3922854B2F000B40EE /* Protocol */,
				3BF81C3622854498000B40EE /* RxSwift */,
				3B7CCBE42283D852007FEE9C /* WebView */,
				3B5AD2EC227EE1BD00F04BFB /* HTTP */,
				3B7E2DA222781EA2006AAE68 /* AppDelegate.swift */,
				3B00B6AF229E7078003AA07A /* AppConstant.swift */,
				3B7E2DA422781EA2006AAE68 /* ViewController.swift */,
				A2BE21F822ABB6620096217F /* SSRDataword.swift */,
				A2BE223122AFCCEE0096217F /* BaseViewController.swift */,
				A2BE21FA22ABBAE40096217F /* SSRUserDefaults.swift */,
				3B5AD2EF227EE26000F04BFB /* SSRRootTableViewController.swift */,
				3BE9C91A22AF9E0900FC4F68 /* TabBarController.swift */,
				3BE9C91822AF9D3100FC4F68 /* MineViewController.swift */,
				3B7E2DA922781EA4006AAE68 /* Assets.xcassets */,
				3B7E2DAB22781EA4006AAE68 /* LaunchScreen.storyboard */,
				3B7E2DAE22781EA4006AAE68 /* Info.plist */,
			);
			path = SSRSwift;
			sourceTree = "<group>";
		};
		3B7E2DB622781EA5006AAE68 /* SSRSwiftTests */ = {
			isa = PBXGroup;
			children = (
				3B7E2DB722781EA5006AAE68 /* SSRSwiftTests.swift */,
				3B7E2DB922781EA5006AAE68 /* Info.plist */,
			);
			path = SSRSwiftTests;
			sourceTree = "<group>";
		};
		3B7E2DC122781EA5006AAE68 /* SSRSwiftUITests */ = {
			isa = PBXGroup;
			children = (
				3B7E2DC222781EA5006AAE68 /* SSRSwiftUITests.swift */,
				3B7E2DC422781EA5006AAE68 /* Info.plist */,
			);
			path = SSRSwiftUITests;
			sourceTree = "<group>";
		};
		3BC983952294F48800387BB9 /* Extension */ = {
			isa = PBXGroup;
			children = (
				3B6E7B4422A9119C001A311E /* AppAbout.swift */,
				3B6E7B4622A91357001A311E /* UIView+Extension.swift */,
				3B6E7B4822A9137C001A311E /* UIColor+Extension.swift */,
				3B6E7B4A22A9139A001A311E /* String+Extension.swift */,
				3B2C8B5A22B12A2C000474B5 /* UserDefaults.swift */,
			);
			path = Extension;
			sourceTree = "<group>";
		};
		3BCF3941229E742E0073D61C /* sources */ = {
			isa = PBXGroup;
			children = (
				3BCF3942229E742E0073D61C /* urlSchemes.png */,
			);
			path = sources;
			sourceTree = "<group>";
		};
		3BF81C3622854498000B40EE /* RxSwift */ = {
			isa = PBXGroup;
			children = (
				3B00B6A2229D1848003AA07A /* RxREADME.md */,
				3BF81C3722854535000B40EE /* SSRRxSwiftViewController.swift */,
			);
			path = RxSwift;
			sourceTree = "<group>";
		};
		3BF81C3922854B2F000B40EE /* Protocol */ = {
			isa = PBXGroup;
			children = (
				3BF81C3C22854ED5000B40EE /* SSRViewControllerProtocol.swift */,
			);
			path = Protocol;
			sourceTree = "<group>";
		};
		71497C63E4C704C5144C88DF /* Pods */ = {
			isa = PBXGroup;
			children = (
				BF0509B5C1DB1B679BB6FA34 /* Pods-SSRSwift.debug.xcconfig */,
				1C88DA76559005D587812E65 /* Pods-SSRSwift.release.xcconfig */,
				5DE7D3678DCB18D268C67FAA /* Pods-SSRSwiftTests.debug.xcconfig */,
				B47E46477C22C3D59F6310E2 /* Pods-SSRSwiftTests.release.xcconfig */,
				6E7ABA1D7AD1D6DF3FA2EAC9 /* Pods-SSRSwiftUITests.debug.xcconfig */,
				2CCEFE443BC8A18EE382F9E6 /* Pods-SSRSwiftUITests.release.xcconfig */,
			);
			name = Pods;
			sourceTree = "<group>";
		};
		A2BE221522ACADAF0096217F /* Github */ = {
			isa = PBXGroup;
			children = (
				A2BE221622ACAE9C0096217F /* SSRAPI.swift */,
				3B827A8E227F065100CADC52 /* SSRGithubFollower.swift */,
				A2BE221A22ACEE210096217F /* GithubRepository.swift */,
			);
			path = Github;
			sourceTree = "<group>";
		};
		C876D9880317E72C8EEF4711 /* Frameworks */ = {
			isa = PBXGroup;
			children = (
				1756092EFC720042CED29EC8 /* Pods_SSRSwift.framework */,
				E86A9AE7FE65A5CF6B5562EB /* Pods_SSRSwiftTests.framework */,
				FAFECEEF199E184447689383 /* Pods_SSRSwiftUITests.framework */,
			);
			name = Frameworks;
			sourceTree = "<group>";
		};
/* End PBXGroup section */

/* Begin PBXNativeTarget section */
		3B7E2D9E22781EA2006AAE68 /* SSRSwift */ = {
			isa = PBXNativeTarget;
			buildConfigurationList = 3B7E2DC722781EA5006AAE68 /* Build configuration list for PBXNativeTarget "SSRSwift" */;
			buildPhases = (
				A6D8526683B41629873E7233 /* [CP] Check Pods Manifest.lock */,
				3B7E2D9B22781EA2006AAE68 /* Sources */,
				3B7E2D9C22781EA2006AAE68 /* Frameworks */,
				3B7E2D9D22781EA2006AAE68 /* Resources */,
				9108DF49735A7FA5917C0065 /* [CP] Embed Pods Frameworks */,
				3BC3AC79229BB86800B14EFC /* ShellScript */,
			);
			buildRules = (
			);
			dependencies = (
			);
			name = SSRSwift;
			productName = SSRSwift;
			productReference = 3B7E2D9F22781EA2006AAE68 /* SSRSwift.app */;
			productType = "com.apple.product-type.application";
		};
		3B7E2DB222781EA5006AAE68 /* SSRSwiftTests */ = {
			isa = PBXNativeTarget;
			buildConfigurationList = 3B7E2DCA22781EA5006AAE68 /* Build configuration list for PBXNativeTarget "SSRSwiftTests" */;
			buildPhases = (
				3ACC6C7E8492191FBBA9E61C /* [CP] Check Pods Manifest.lock */,
				3B7E2DAF22781EA5006AAE68 /* Sources */,
				3B7E2DB022781EA5006AAE68 /* Frameworks */,
				3B7E2DB122781EA5006AAE68 /* Resources */,
			);
			buildRules = (
			);
			dependencies = (
				3B7E2DB522781EA5006AAE68 /* PBXTargetDependency */,
			);
			name = SSRSwiftTests;
			productName = SSRSwiftTests;
			productReference = 3B7E2DB322781EA5006AAE68 /* SSRSwiftTests.xctest */;
			productType = "com.apple.product-type.bundle.unit-test";
		};
		3B7E2DBD22781EA5006AAE68 /* SSRSwiftUITests */ = {
			isa = PBXNativeTarget;
			buildConfigurationList = 3B7E2DCD22781EA5006AAE68 /* Build configuration list for PBXNativeTarget "SSRSwiftUITests" */;
			buildPhases = (
				46B82147A2AD00D1083967DE /* [CP] Check Pods Manifest.lock */,
				3B7E2DBA22781EA5006AAE68 /* Sources */,
				3B7E2DBB22781EA5006AAE68 /* Frameworks */,
				3B7E2DBC22781EA5006AAE68 /* Resources */,
			);
			buildRules = (
			);
			dependencies = (
				3B7E2DC022781EA5006AAE68 /* PBXTargetDependency */,
			);
			name = SSRSwiftUITests;
			productName = SSRSwiftUITests;
			productReference = 3B7E2DBE22781EA5006AAE68 /* SSRSwiftUITests.xctest */;
			productType = "com.apple.product-type.bundle.ui-testing";
		};
/* End PBXNativeTarget section */

/* Begin PBXProject section */
		3B7E2D9722781EA2006AAE68 /* Project object */ = {
			isa = PBXProject;
			attributes = {
				LastSwiftUpdateCheck = 1010;
				LastUpgradeCheck = 1010;
				ORGANIZATIONNAME = Don.shen;
				TargetAttributes = {
					3B7E2D9E22781EA2006AAE68 = {
						CreatedOnToolsVersion = 10.1;
						LastSwiftMigration = 1020;
					};
					3B7E2DB222781EA5006AAE68 = {
						CreatedOnToolsVersion = 10.1;
						LastSwiftMigration = 1020;
						TestTargetID = 3B7E2D9E22781EA2006AAE68;
					};
					3B7E2DBD22781EA5006AAE68 = {
						CreatedOnToolsVersion = 10.1;
						LastSwiftMigration = 1020;
						TestTargetID = 3B7E2D9E22781EA2006AAE68;
					};
				};
			};
			buildConfigurationList = 3B7E2D9A22781EA2006AAE68 /* Build configuration list for PBXProject "SSRSwift" */;
			compatibilityVersion = "Xcode 9.3";
			developmentRegion = en;
			hasScannedForEncodings = 0;
			knownRegions = (
				en,
				Base,
			);
			mainGroup = 3B7E2D9622781EA2006AAE68;
			productRefGroup = 3B7E2DA022781EA2006AAE68 /* Products */;
			projectDirPath = "";
			projectRoot = "";
			targets = (
				3B7E2D9E22781EA2006AAE68 /* SSRSwift */,
				3B7E2DB222781EA5006AAE68 /* SSRSwiftTests */,
				3B7E2DBD22781EA5006AAE68 /* SSRSwiftUITests */,
			);
		};
/* End PBXProject section */

/* Begin PBXResourcesBuildPhase section */
		3B7E2D9D22781EA2006AAE68 /* Resources */ = {
			isa = PBXResourcesBuildPhase;
			buildActionMask = 2147483647;
			files = (
				3B7E2DAD22781EA4006AAE68 /* LaunchScreen.storyboard in Resources */,
				3B00B6B7229E715F003AA07A /* RouterREADME.md in Resources */,
				3B7E2DAA22781EA4006AAE68 /* Assets.xcassets in Resources */,
				3BCF3943229E742E0073D61C /* urlSchemes.png in Resources */,
				3B7CCBCB2281820E007FEE9C /* SSRGithubFollowerCell.xib in Resources */,
				3B59EB8522894F0E00D93243 /* SwiftKeyword.md in Resources */,
				3B7CCBE82284076E007FEE9C /* index.html in Resources */,
				3B00B6A3229D1848003AA07A /* RxREADME.md in Resources */,
				3BF3E27E229CDB1400BDE5C9 /* WebREADME.md in Resources */,
				3B00B6A5229D2428003AA07A /* SwiftTips.md in Resources */,
				3BEA7395228C0B7A00470FAD /* Structs和Classes的选择.md in Resources */,
			);
			runOnlyForDeploymentPostprocessing = 0;
		};
		3B7E2DB122781EA5006AAE68 /* Resources */ = {
			isa = PBXResourcesBuildPhase;
			buildActionMask = 2147483647;
			files = (
			);
			runOnlyForDeploymentPostprocessing = 0;
		};
		3B7E2DBC22781EA5006AAE68 /* Resources */ = {
			isa = PBXResourcesBuildPhase;
			buildActionMask = 2147483647;
			files = (
			);
			runOnlyForDeploymentPostprocessing = 0;
		};
/* End PBXResourcesBuildPhase section */

/* Begin PBXShellScriptBuildPhase section */
		3ACC6C7E8492191FBBA9E61C /* [CP] Check Pods Manifest.lock */ = {
			isa = PBXShellScriptBuildPhase;
			buildActionMask = 2147483647;
			files = (
			);
			inputPaths = (
				"${PODS_PODFILE_DIR_PATH}/Podfile.lock",
				"${PODS_ROOT}/Manifest.lock",
			);
			name = "[CP] Check Pods Manifest.lock";
			outputPaths = (
				"$(DERIVED_FILE_DIR)/Pods-SSRSwiftTests-checkManifestLockResult.txt",
			);
			runOnlyForDeploymentPostprocessing = 0;
			shellPath = /bin/sh;
			shellScript = "diff \"${PODS_PODFILE_DIR_PATH}/Podfile.lock\" \"${PODS_ROOT}/Manifest.lock\" > /dev/null\nif [ $? != 0 ] ; then\n    # print error to STDERR\n    echo \"error: The sandbox is not in sync with the Podfile.lock. Run 'pod install' or update your CocoaPods installation.\" >&2\n    exit 1\nfi\n# This output is used by Xcode 'outputs' to avoid re-running this script phase.\necho \"SUCCESS\" > \"${SCRIPT_OUTPUT_FILE_0}\"\n";
			showEnvVarsInLog = 0;
		};
		3BC3AC79229BB86800B14EFC /* ShellScript */ = {
			isa = PBXShellScriptBuildPhase;
			buildActionMask = 2147483647;
			files = (
			);
			inputPaths = (
			);
			outputPaths = (
			);
			runOnlyForDeploymentPostprocessing = 0;
			shellPath = /bin/sh;
			shellScript = "if which swiftlint >/dev/null; then\n    ${PODS_ROOT}/SwiftLint/swiftlint\n    echo \"🎉 SwiftLint is loaded successfully.\"\nelse\n   echo \"warning: SwiftLint not installed, download from https://github.com/realm/SwiftLint\"\nfi\n";
		};
		46B82147A2AD00D1083967DE /* [CP] Check Pods Manifest.lock */ = {
			isa = PBXShellScriptBuildPhase;
			buildActionMask = 2147483647;
			files = (
			);
			inputPaths = (
				"${PODS_PODFILE_DIR_PATH}/Podfile.lock",
				"${PODS_ROOT}/Manifest.lock",
			);
			name = "[CP] Check Pods Manifest.lock";
			outputPaths = (
				"$(DERIVED_FILE_DIR)/Pods-SSRSwiftUITests-checkManifestLockResult.txt",
			);
			runOnlyForDeploymentPostprocessing = 0;
			shellPath = /bin/sh;
			shellScript = "diff \"${PODS_PODFILE_DIR_PATH}/Podfile.lock\" \"${PODS_ROOT}/Manifest.lock\" > /dev/null\nif [ $? != 0 ] ; then\n    # print error to STDERR\n    echo \"error: The sandbox is not in sync with the Podfile.lock. Run 'pod install' or update your CocoaPods installation.\" >&2\n    exit 1\nfi\n# This output is used by Xcode 'outputs' to avoid re-running this script phase.\necho \"SUCCESS\" > \"${SCRIPT_OUTPUT_FILE_0}\"\n";
			showEnvVarsInLog = 0;
		};
		9108DF49735A7FA5917C0065 /* [CP] Embed Pods Frameworks */ = {
			isa = PBXShellScriptBuildPhase;
			buildActionMask = 2147483647;
			files = (
			);
			inputPaths = (
				"${SRCROOT}/Pods/Target Support Files/Pods-SSRSwift/Pods-SSRSwift-frameworks.sh",
				"${BUILT_PRODUCTS_DIR}/Alamofire/Alamofire.framework",
				"${BUILT_PRODUCTS_DIR}/AlamofireImage/AlamofireImage.framework",
				"${BUILT_PRODUCTS_DIR}/FLEX/FLEX.framework",
				"${BUILT_PRODUCTS_DIR}/HandyJSON/HandyJSON.framework",
				"${BUILT_PRODUCTS_DIR}/ObjectMapper/ObjectMapper.framework",
				"${BUILT_PRODUCTS_DIR}/PromiseKit/PromiseKit.framework",
				"${BUILT_PRODUCTS_DIR}/RTRootNavigationController/RTRootNavigationController.framework",
				"${BUILT_PRODUCTS_DIR}/RxCocoa/RxCocoa.framework",
				"${BUILT_PRODUCTS_DIR}/RxSwift/RxSwift.framework",
				"${BUILT_PRODUCTS_DIR}/SDWebImage/SDWebImage.framework",
				"${BUILT_PRODUCTS_DIR}/SnapKit/SnapKit.framework",
				"${BUILT_PRODUCTS_DIR}/SwiftyJSON/SwiftyJSON.framework",
			);
			name = "[CP] Embed Pods Frameworks";
			outputPaths = (
				"${TARGET_BUILD_DIR}/${FRAMEWORKS_FOLDER_PATH}/Alamofire.framework",
				"${TARGET_BUILD_DIR}/${FRAMEWORKS_FOLDER_PATH}/AlamofireImage.framework",
				"${TARGET_BUILD_DIR}/${FRAMEWORKS_FOLDER_PATH}/FLEX.framework",
				"${TARGET_BUILD_DIR}/${FRAMEWORKS_FOLDER_PATH}/HandyJSON.framework",
				"${TARGET_BUILD_DIR}/${FRAMEWORKS_FOLDER_PATH}/ObjectMapper.framework",
				"${TARGET_BUILD_DIR}/${FRAMEWORKS_FOLDER_PATH}/PromiseKit.framework",
				"${TARGET_BUILD_DIR}/${FRAMEWORKS_FOLDER_PATH}/RTRootNavigationController.framework",
				"${TARGET_BUILD_DIR}/${FRAMEWORKS_FOLDER_PATH}/RxCocoa.framework",
				"${TARGET_BUILD_DIR}/${FRAMEWORKS_FOLDER_PATH}/RxSwift.framework",
				"${TARGET_BUILD_DIR}/${FRAMEWORKS_FOLDER_PATH}/SDWebImage.framework",
				"${TARGET_BUILD_DIR}/${FRAMEWORKS_FOLDER_PATH}/SnapKit.framework",
				"${TARGET_BUILD_DIR}/${FRAMEWORKS_FOLDER_PATH}/SwiftyJSON.framework",
			);
			runOnlyForDeploymentPostprocessing = 0;
			shellPath = /bin/sh;
			shellScript = "\"${SRCROOT}/Pods/Target Support Files/Pods-SSRSwift/Pods-SSRSwift-frameworks.sh\"\n";
			showEnvVarsInLog = 0;
		};
		A6D8526683B41629873E7233 /* [CP] Check Pods Manifest.lock */ = {
			isa = PBXShellScriptBuildPhase;
			buildActionMask = 2147483647;
			files = (
			);
			inputPaths = (
				"${PODS_PODFILE_DIR_PATH}/Podfile.lock",
				"${PODS_ROOT}/Manifest.lock",
			);
			name = "[CP] Check Pods Manifest.lock";
			outputPaths = (
				"$(DERIVED_FILE_DIR)/Pods-SSRSwift-checkManifestLockResult.txt",
			);
			runOnlyForDeploymentPostprocessing = 0;
			shellPath = /bin/sh;
			shellScript = "diff \"${PODS_PODFILE_DIR_PATH}/Podfile.lock\" \"${PODS_ROOT}/Manifest.lock\" > /dev/null\nif [ $? != 0 ] ; then\n    # print error to STDERR\n    echo \"error: The sandbox is not in sync with the Podfile.lock. Run 'pod install' or update your CocoaPods installation.\" >&2\n    exit 1\nfi\n# This output is used by Xcode 'outputs' to avoid re-running this script phase.\necho \"SUCCESS\" > \"${SCRIPT_OUTPUT_FILE_0}\"\n";
			showEnvVarsInLog = 0;
		};
/* End PBXShellScriptBuildPhase section */

/* Begin PBXSourcesBuildPhase section */
		3B7E2D9B22781EA2006AAE68 /* Sources */ = {
			isa = PBXSourcesBuildPhase;
			buildActionMask = 2147483647;
			files = (
				3B88920222A7EFB500592EBF /* SSRRequest.swift in Sources */,
				3BE9C91922AF9D3100FC4F68 /* MineViewController.swift in Sources */,
				3B5AD2F0227EE26000F04BFB /* SSRRootTableViewController.swift in Sources */,
				3BE9C91B22AF9E0900FC4F68 /* TabBarController.swift in Sources */,
				A2BE223222AFCCEE0096217F /* BaseViewController.swift in Sources */,
				3B59EB7E22891D7A00D93243 /* GithubAPI.swift in Sources */,
				3B7E2DA522781EA2006AAE68 /* ViewController.swift in Sources */,
				A2BE21FB22ABBAE40096217F /* SSRUserDefaults.swift in Sources */,
				A23E9F13228AE3C300A8AB8C /* GithubRepositoryResponse.swift in Sources */,
				3B827A8F227F065100CADC52 /* SSRGithubFollower.swift in Sources */,
				3B00B6B3229E7103003AA07A /* SSRRouterViewController.swift in Sources */,
				A2BE221422ACAC490096217F /* SSRResponse.swift in Sources */,
				3B6E7B4B22A9139A001A311E /* String+Extension.swift in Sources */,
				3B7CCBE62283D872007FEE9C /* SSRWebViewController.swift in Sources */,
				3BF81C3D22854ED5000B40EE /* SSRViewControllerProtocol.swift in Sources */,
				A2BE221B22ACEE210096217F /* GithubRepository.swift in Sources */,
				A2BE21F922ABB6620096217F /* SSRDataword.swift in Sources */,
				3B6E7B4722A91357001A311E /* UIView+Extension.swift in Sources */,
				3B00B6B0229E7079003AA07A /* AppConstant.swift in Sources */,
				3B59EB80228928E900D93243 /* SSRNetwork.swift in Sources */,
				3B59EB8222892C5800D93243 /* Memo.md in Sources */,
				3B2C8B5B22B12A2C000474B5 /* UserDefaults.swift in Sources */,
				3B6E7B4922A9137C001A311E /* UIColor+Extension.swift in Sources */,
				3B32FA0B22A54AD000FCAE61 /* Singleton.swift in Sources */,
				3B5AD2EE227EE1DB00F04BFB /* SSRHTTPViewController.swift in Sources */,
				3B7E2DA322781EA2006AAE68 /* AppDelegate.swift in Sources */,
				3B00B6B5229E710D003AA07A /* SSRRouter.swift in Sources */,
				3B6E7B4522A9119C001A311E /* AppAbout.swift in Sources */,
				3B7CCBCA2281820E007FEE9C /* SSRGithubFollowerCell.swift in Sources */,
				3BF81C3822854535000B40EE /* SSRRxSwiftViewController.swift in Sources */,
				A2BE221722ACAE9C0096217F /* SSRAPI.swift in Sources */,
			);
			runOnlyForDeploymentPostprocessing = 0;
		};
		3B7E2DAF22781EA5006AAE68 /* Sources */ = {
			isa = PBXSourcesBuildPhase;
			buildActionMask = 2147483647;
			files = (
				3B7E2DB822781EA5006AAE68 /* SSRSwiftTests.swift in Sources */,
			);
			runOnlyForDeploymentPostprocessing = 0;
		};
		3B7E2DBA22781EA5006AAE68 /* Sources */ = {
			isa = PBXSourcesBuildPhase;
			buildActionMask = 2147483647;
			files = (
				3B7E2DC322781EA5006AAE68 /* SSRSwiftUITests.swift in Sources */,
			);
			runOnlyForDeploymentPostprocessing = 0;
		};
/* End PBXSourcesBuildPhase section */

/* Begin PBXTargetDependency section */
		3B7E2DB522781EA5006AAE68 /* PBXTargetDependency */ = {
			isa = PBXTargetDependency;
			target = 3B7E2D9E22781EA2006AAE68 /* SSRSwift */;
			targetProxy = 3B7E2DB422781EA5006AAE68 /* PBXContainerItemProxy */;
		};
		3B7E2DC022781EA5006AAE68 /* PBXTargetDependency */ = {
			isa = PBXTargetDependency;
			target = 3B7E2D9E22781EA2006AAE68 /* SSRSwift */;
			targetProxy = 3B7E2DBF22781EA5006AAE68 /* PBXContainerItemProxy */;
		};
/* End PBXTargetDependency section */

/* Begin PBXVariantGroup section */
		3B7E2DAB22781EA4006AAE68 /* LaunchScreen.storyboard */ = {
			isa = PBXVariantGroup;
			children = (
				3B7E2DAC22781EA4006AAE68 /* Base */,
			);
			name = LaunchScreen.storyboard;
			sourceTree = "<group>";
		};
/* End PBXVariantGroup section */

/* Begin XCBuildConfiguration section */
		3B7E2DC522781EA5006AAE68 /* Debug */ = {
			isa = XCBuildConfiguration;
			buildSettings = {
				ALWAYS_SEARCH_USER_PATHS = NO;
				CLANG_ANALYZER_NONNULL = YES;
				CLANG_ANALYZER_NUMBER_OBJECT_CONVERSION = YES_AGGRESSIVE;
				CLANG_CXX_LANGUAGE_STANDARD = "gnu++14";
				CLANG_CXX_LIBRARY = "libc++";
				CLANG_ENABLE_MODULES = YES;
				CLANG_ENABLE_OBJC_ARC = YES;
				CLANG_ENABLE_OBJC_WEAK = YES;
				CLANG_WARN_BLOCK_CAPTURE_AUTORELEASING = YES;
				CLANG_WARN_BOOL_CONVERSION = YES;
				CLANG_WARN_COMMA = YES;
				CLANG_WARN_CONSTANT_CONVERSION = YES;
				CLANG_WARN_DEPRECATED_OBJC_IMPLEMENTATIONS = YES;
				CLANG_WARN_DIRECT_OBJC_ISA_USAGE = YES_ERROR;
				CLANG_WARN_DOCUMENTATION_COMMENTS = YES;
				CLANG_WARN_EMPTY_BODY = YES;
				CLANG_WARN_ENUM_CONVERSION = YES;
				CLANG_WARN_INFINITE_RECURSION = YES;
				CLANG_WARN_INT_CONVERSION = YES;
				CLANG_WARN_NON_LITERAL_NULL_CONVERSION = YES;
				CLANG_WARN_OBJC_IMPLICIT_RETAIN_SELF = YES;
				CLANG_WARN_OBJC_LITERAL_CONVERSION = YES;
				CLANG_WARN_OBJC_ROOT_CLASS = YES_ERROR;
				CLANG_WARN_RANGE_LOOP_ANALYSIS = YES;
				CLANG_WARN_STRICT_PROTOTYPES = YES;
				CLANG_WARN_SUSPICIOUS_MOVE = YES;
				CLANG_WARN_UNGUARDED_AVAILABILITY = YES_AGGRESSIVE;
				CLANG_WARN_UNREACHABLE_CODE = YES;
				CLANG_WARN__DUPLICATE_METHOD_MATCH = YES;
				CODE_SIGN_IDENTITY = "iPhone Developer";
				COPY_PHASE_STRIP = NO;
				DEBUG_INFORMATION_FORMAT = dwarf;
				ENABLE_STRICT_OBJC_MSGSEND = YES;
				ENABLE_TESTABILITY = YES;
				GCC_C_LANGUAGE_STANDARD = gnu11;
				GCC_DYNAMIC_NO_PIC = NO;
				GCC_NO_COMMON_BLOCKS = YES;
				GCC_OPTIMIZATION_LEVEL = 0;
				GCC_PREPROCESSOR_DEFINITIONS = (
					"DEBUG=1",
					"$(inherited)",
				);
				GCC_WARN_64_TO_32_BIT_CONVERSION = YES;
				GCC_WARN_ABOUT_RETURN_TYPE = YES_ERROR;
				GCC_WARN_UNDECLARED_SELECTOR = YES;
				GCC_WARN_UNINITIALIZED_AUTOS = YES_AGGRESSIVE;
				GCC_WARN_UNUSED_FUNCTION = YES;
				GCC_WARN_UNUSED_VARIABLE = YES;
				IPHONEOS_DEPLOYMENT_TARGET = 12.1;
				MTL_ENABLE_DEBUG_INFO = INCLUDE_SOURCE;
				MTL_FAST_MATH = YES;
				ONLY_ACTIVE_ARCH = YES;
				SDKROOT = iphoneos;
				SWIFT_ACTIVE_COMPILATION_CONDITIONS = DEBUG;
				SWIFT_OPTIMIZATION_LEVEL = "-Onone";
			};
			name = Debug;
		};
		3B7E2DC622781EA5006AAE68 /* Release */ = {
			isa = XCBuildConfiguration;
			buildSettings = {
				ALWAYS_SEARCH_USER_PATHS = NO;
				CLANG_ANALYZER_NONNULL = YES;
				CLANG_ANALYZER_NUMBER_OBJECT_CONVERSION = YES_AGGRESSIVE;
				CLANG_CXX_LANGUAGE_STANDARD = "gnu++14";
				CLANG_CXX_LIBRARY = "libc++";
				CLANG_ENABLE_MODULES = YES;
				CLANG_ENABLE_OBJC_ARC = YES;
				CLANG_ENABLE_OBJC_WEAK = YES;
				CLANG_WARN_BLOCK_CAPTURE_AUTORELEASING = YES;
				CLANG_WARN_BOOL_CONVERSION = YES;
				CLANG_WARN_COMMA = YES;
				CLANG_WARN_CONSTANT_CONVERSION = YES;
				CLANG_WARN_DEPRECATED_OBJC_IMPLEMENTATIONS = YES;
				CLANG_WARN_DIRECT_OBJC_ISA_USAGE = YES_ERROR;
				CLANG_WARN_DOCUMENTATION_COMMENTS = YES;
				CLANG_WARN_EMPTY_BODY = YES;
				CLANG_WARN_ENUM_CONVERSION = YES;
				CLANG_WARN_INFINITE_RECURSION = YES;
				CLANG_WARN_INT_CONVERSION = YES;
				CLANG_WARN_NON_LITERAL_NULL_CONVERSION = YES;
				CLANG_WARN_OBJC_IMPLICIT_RETAIN_SELF = YES;
				CLANG_WARN_OBJC_LITERAL_CONVERSION = YES;
				CLANG_WARN_OBJC_ROOT_CLASS = YES_ERROR;
				CLANG_WARN_RANGE_LOOP_ANALYSIS = YES;
				CLANG_WARN_STRICT_PROTOTYPES = YES;
				CLANG_WARN_SUSPICIOUS_MOVE = YES;
				CLANG_WARN_UNGUARDED_AVAILABILITY = YES_AGGRESSIVE;
				CLANG_WARN_UNREACHABLE_CODE = YES;
				CLANG_WARN__DUPLICATE_METHOD_MATCH = YES;
				CODE_SIGN_IDENTITY = "iPhone Developer";
				COPY_PHASE_STRIP = NO;
				DEBUG_INFORMATION_FORMAT = "dwarf-with-dsym";
				ENABLE_NS_ASSERTIONS = NO;
				ENABLE_STRICT_OBJC_MSGSEND = YES;
				GCC_C_LANGUAGE_STANDARD = gnu11;
				GCC_NO_COMMON_BLOCKS = YES;
				GCC_WARN_64_TO_32_BIT_CONVERSION = YES;
				GCC_WARN_ABOUT_RETURN_TYPE = YES_ERROR;
				GCC_WARN_UNDECLARED_SELECTOR = YES;
				GCC_WARN_UNINITIALIZED_AUTOS = YES_AGGRESSIVE;
				GCC_WARN_UNUSED_FUNCTION = YES;
				GCC_WARN_UNUSED_VARIABLE = YES;
				IPHONEOS_DEPLOYMENT_TARGET = 12.1;
				MTL_ENABLE_DEBUG_INFO = NO;
				MTL_FAST_MATH = YES;
				SDKROOT = iphoneos;
				SWIFT_COMPILATION_MODE = wholemodule;
				SWIFT_OPTIMIZATION_LEVEL = "-O";
				VALIDATE_PRODUCT = YES;
			};
			name = Release;
		};
		3B7E2DC822781EA5006AAE68 /* Debug */ = {
			isa = XCBuildConfiguration;
			baseConfigurationReference = BF0509B5C1DB1B679BB6FA34 /* Pods-SSRSwift.debug.xcconfig */;
			buildSettings = {
				ASSETCATALOG_COMPILER_APPICON_NAME = AppIcon;
				CODE_SIGN_IDENTITY = "iPhone Developer";
				CODE_SIGN_STYLE = Automatic;
				DEVELOPMENT_TEAM = S8238R3HUC;
				INFOPLIST_FILE = SSRSwift/Info.plist;
				IPHONEOS_DEPLOYMENT_TARGET = 9.0;
				LD_RUNPATH_SEARCH_PATHS = (
					"$(inherited)",
					"@executable_path/Frameworks",
				);
				PRODUCT_BUNDLE_IDENTIFIER = shendong.SSRSwift;
				PRODUCT_NAME = "$(TARGET_NAME)";
				PROVISIONING_PROFILE_SPECIFIER = "";
				SWIFT_VERSION = 4.2;
				TARGETED_DEVICE_FAMILY = "1,2";
			};
			name = Debug;
		};
		3B7E2DC922781EA5006AAE68 /* Release */ = {
			isa = XCBuildConfiguration;
			baseConfigurationReference = 1C88DA76559005D587812E65 /* Pods-SSRSwift.release.xcconfig */;
			buildSettings = {
				ASSETCATALOG_COMPILER_APPICON_NAME = AppIcon;
				CODE_SIGN_IDENTITY = "iPhone Developer";
				CODE_SIGN_STYLE = Automatic;
				DEVELOPMENT_TEAM = S8238R3HUC;
				INFOPLIST_FILE = SSRSwift/Info.plist;
				IPHONEOS_DEPLOYMENT_TARGET = 9.0;
				LD_RUNPATH_SEARCH_PATHS = (
					"$(inherited)",
					"@executable_path/Frameworks",
				);
				PRODUCT_BUNDLE_IDENTIFIER = shendong.SSRSwift;
				PRODUCT_NAME = "$(TARGET_NAME)";
				PROVISIONING_PROFILE_SPECIFIER = "";
				SWIFT_VERSION = 4.2;
				TARGETED_DEVICE_FAMILY = "1,2";
			};
			name = Release;
		};
		3B7E2DCB22781EA5006AAE68 /* Debug */ = {
			isa = XCBuildConfiguration;
			baseConfigurationReference = 5DE7D3678DCB18D268C67FAA /* Pods-SSRSwiftTests.debug.xcconfig */;
			buildSettings = {
				ALWAYS_EMBED_SWIFT_STANDARD_LIBRARIES = YES;
				BUNDLE_LOADER = "$(TEST_HOST)";
				CODE_SIGN_STYLE = Automatic;
				INFOPLIST_FILE = SSRSwiftTests/Info.plist;
				LD_RUNPATH_SEARCH_PATHS = (
					"$(inherited)",
					"@executable_path/Frameworks",
					"@loader_path/Frameworks",
				);
				PRODUCT_BUNDLE_IDENTIFIER = shendong.SSRSwiftTests;
				PRODUCT_NAME = "$(TARGET_NAME)";
				SWIFT_VERSION = 5.0;
				TARGETED_DEVICE_FAMILY = "1,2";
				TEST_HOST = "$(BUILT_PRODUCTS_DIR)/SSRSwift.app/SSRSwift";
			};
			name = Debug;
		};
		3B7E2DCC22781EA5006AAE68 /* Release */ = {
			isa = XCBuildConfiguration;
			baseConfigurationReference = B47E46477C22C3D59F6310E2 /* Pods-SSRSwiftTests.release.xcconfig */;
			buildSettings = {
				ALWAYS_EMBED_SWIFT_STANDARD_LIBRARIES = YES;
				BUNDLE_LOADER = "$(TEST_HOST)";
				CODE_SIGN_STYLE = Automatic;
				INFOPLIST_FILE = SSRSwiftTests/Info.plist;
				LD_RUNPATH_SEARCH_PATHS = (
					"$(inherited)",
					"@executable_path/Frameworks",
					"@loader_path/Frameworks",
				);
				PRODUCT_BUNDLE_IDENTIFIER = shendong.SSRSwiftTests;
				PRODUCT_NAME = "$(TARGET_NAME)";
				SWIFT_VERSION = 5.0;
				TARGETED_DEVICE_FAMILY = "1,2";
				TEST_HOST = "$(BUILT_PRODUCTS_DIR)/SSRSwift.app/SSRSwift";
			};
			name = Release;
		};
		3B7E2DCE22781EA5006AAE68 /* Debug */ = {
			isa = XCBuildConfiguration;
			baseConfigurationReference = 6E7ABA1D7AD1D6DF3FA2EAC9 /* Pods-SSRSwiftUITests.debug.xcconfig */;
			buildSettings = {
				ALWAYS_EMBED_SWIFT_STANDARD_LIBRARIES = YES;
				CODE_SIGN_STYLE = Automatic;
				INFOPLIST_FILE = SSRSwiftUITests/Info.plist;
				LD_RUNPATH_SEARCH_PATHS = (
					"$(inherited)",
					"@executable_path/Frameworks",
					"@loader_path/Frameworks",
				);
				PRODUCT_BUNDLE_IDENTIFIER = shendong.SSRSwiftUITests;
				PRODUCT_NAME = "$(TARGET_NAME)";
				SWIFT_VERSION = 5.0;
				TARGETED_DEVICE_FAMILY = "1,2";
				TEST_TARGET_NAME = SSRSwift;
			};
			name = Debug;
		};
		3B7E2DCF22781EA5006AAE68 /* Release */ = {
			isa = XCBuildConfiguration;
			baseConfigurationReference = 2CCEFE443BC8A18EE382F9E6 /* Pods-SSRSwiftUITests.release.xcconfig */;
			buildSettings = {
				ALWAYS_EMBED_SWIFT_STANDARD_LIBRARIES = YES;
				CODE_SIGN_STYLE = Automatic;
				INFOPLIST_FILE = SSRSwiftUITests/Info.plist;
				LD_RUNPATH_SEARCH_PATHS = (
					"$(inherited)",
					"@executable_path/Frameworks",
					"@loader_path/Frameworks",
				);
				PRODUCT_BUNDLE_IDENTIFIER = shendong.SSRSwiftUITests;
				PRODUCT_NAME = "$(TARGET_NAME)";
				SWIFT_VERSION = 5.0;
				TARGETED_DEVICE_FAMILY = "1,2";
				TEST_TARGET_NAME = SSRSwift;
			};
			name = Release;
		};
/* End XCBuildConfiguration section */

/* Begin XCConfigurationList section */
		3B7E2D9A22781EA2006AAE68 /* Build configuration list for PBXProject "SSRSwift" */ = {
			isa = XCConfigurationList;
			buildConfigurations = (
				3B7E2DC522781EA5006AAE68 /* Debug */,
				3B7E2DC622781EA5006AAE68 /* Release */,
			);
			defaultConfigurationIsVisible = 0;
			defaultConfigurationName = Release;
		};
		3B7E2DC722781EA5006AAE68 /* Build configuration list for PBXNativeTarget "SSRSwift" */ = {
			isa = XCConfigurationList;
			buildConfigurations = (
				3B7E2DC822781EA5006AAE68 /* Debug */,
				3B7E2DC922781EA5006AAE68 /* Release */,
			);
			defaultConfigurationIsVisible = 0;
			defaultConfigurationName = Release;
		};
		3B7E2DCA22781EA5006AAE68 /* Build configuration list for PBXNativeTarget "SSRSwiftTests" */ = {
			isa = XCConfigurationList;
			buildConfigurations = (
				3B7E2DCB22781EA5006AAE68 /* Debug */,
				3B7E2DCC22781EA5006AAE68 /* Release */,
			);
			defaultConfigurationIsVisible = 0;
			defaultConfigurationName = Release;
		};
		3B7E2DCD22781EA5006AAE68 /* Build configuration list for PBXNativeTarget "SSRSwiftUITests" */ = {
			isa = XCConfigurationList;
			buildConfigurations = (
				3B7E2DCE22781EA5006AAE68 /* Debug */,
				3B7E2DCF22781EA5006AAE68 /* Release */,
			);
			defaultConfigurationIsVisible = 0;
			defaultConfigurationName = Release;
		};
/* End XCConfigurationList section */
	};
	rootObject = 3B7E2D9722781EA2006AAE68 /* Project object */;
}
